
Microsoft Visual Studio Solution File, Format Version 12.00
# Visual Studio 14
VisualStudioVersion = 14.0.23107.0
MinimumVisualStudioVersion = 10.0.40219.1
Project("{FAE04EC0-301F-11D3-BF4B-00C04F79EFBC}") = "GpsLib", "GpsLib\GpsLib.csproj", "{000E5C92-6520-429C-B3FB-0A99D5391FBA}"
EndProject
Project("{FAE04EC0-301F-11D3-BF4B-00C04F79EFBC}") = "WinGPS", "WinGPS\WinGPS.csproj", "{7A8260E3-C618-4A53-A16C-65F9A335EAD2}"
EndProject
Global
	GlobalSection(SolutionConfigurationPlatforms) = preSolution
		Debug|Any CPU = Debug|Any CPU
		Release|Any CPU = Release|Any CPU
	EndGlobalSection
	GlobalSection(ProjectConfigurationPlatforms) = postSolution
		{000E5C92-6520-429C-B3FB-0A99D5391FBA}.Debug|Any CPU.ActiveCfg = Debug|Any CPU
		{000E5C92-6520-429C-B3FB-0A99D5391FBA}.Debug|Any CPU.Build.0 = Debug|Any CPU
		{000E5C92-6520-429C-B3FB-0A99D5391FBA}.Release|Any CPU.ActiveCfg = Release|Any CPU
		{000E5C92-6520-429C-B3FB-0A99D5391FBA}.Release|Any CPU.Build.0 = Release|Any CPU
		{7A8260E3-C618-4A53-A16C-65F9A335EAD2}.Debug|Any CPU.ActiveCfg = Debug|Any CPU
		{7A8260E3-C618-4A53-A16C-65F9A335EAD2}.Debug|Any CPU.Build.0 = Debug|Any CPU
		{7A8260E3-C618-4A53-A16C-65F9A335EAD2}.Release|Any CPU.ActiveCfg = Release|Any CPU
		{7A8260E3-C618-4A53-A16C-65F9A335EAD2}.Release|Any CPU.Build.0 = Release|Any CPU
	EndGlobalSection
	GlobalSection(SolutionProperties) = preSolution
		HideSolutionNode = FALSE
	EndGlobalSection
EndGlobal
